
Microsoft Visual Studio Solution File, Format Version 12.00
# Visual Studio Version 17
VisualStudioVersion = 17.11.35312.102
MinimumVisualStudioVersion = 10.0.40219.1
Project("{9A19103F-16F7-4668-BE54-9A1E7A4F7556}") = "RefitTeste", "RefitTeste\RefitTeste.csproj", "{DD07B4A9-497B-44CB-A49E-6DF280111D2C}"
EndProject
Project("{9A19103F-16F7-4668-BE54-9A1E7A4F7556}") = "RefitApiTeste", "RefitApiTeste\RefitApiTeste.csproj", "{FA923376-474A-45DC-A5B1-C10F3E7DCB91}"
EndProject
Project("{FAE04EC0-301F-11D3-BF4B-00C04F79EFBC}") = "RefitModel", "RefitModel\RefitModel.csproj", "{B0D27B5B-FF2C-4199-AE62-B3D8A9E31A93}"
EndProject
Global
	GlobalSection(SolutionConfigurationPlatforms) = preSolution
		Debug|Any CPU = Debug|Any CPU
		Release|Any CPU = Release|Any CPU
	EndGlobalSection
	GlobalSection(ProjectConfigurationPlatforms) = postSolution
		{DD07B4A9-497B-44CB-A49E-6DF280111D2C}.Debug|Any CPU.ActiveCfg = Debug|Any CPU
		{DD07B4A9-497B-44CB-A49E-6DF280111D2C}.Debug|Any CPU.Build.0 = Debug|Any CPU
		{DD07B4A9-497B-44CB-A49E-6DF280111D2C}.Release|Any CPU.ActiveCfg = Release|Any CPU
		{DD07B4A9-497B-44CB-A49E-6DF280111D2C}.Release|Any CPU.Build.0 = Release|Any CPU
		{FA923376-474A-45DC-A5B1-C10F3E7DCB91}.Debug|Any CPU.ActiveCfg = Debug|Any CPU
		{FA923376-474A-45DC-A5B1-C10F3E7DCB91}.Debug|Any CPU.Build.0 = Debug|Any CPU
		{FA923376-474A-45DC-A5B1-C10F3E7DCB91}.Release|Any CPU.ActiveCfg = Release|Any CPU
		{FA923376-474A-45DC-A5B1-C10F3E7DCB91}.Release|Any CPU.Build.0 = Release|Any CPU
		{B0D27B5B-FF2C-4199-AE62-B3D8A9E31A93}.Debug|Any CPU.ActiveCfg = Debug|Any CPU
		{B0D27B5B-FF2C-4199-AE62-B3D8A9E31A93}.Debug|Any CPU.Build.0 = Debug|Any CPU
		{B0D27B5B-FF2C-4199-AE62-B3D8A9E31A93}.Release|Any CPU.ActiveCfg = Release|Any CPU
		{B0D27B5B-FF2C-4199-AE62-B3D8A9E31A93}.Release|Any CPU.Build.0 = Release|Any CPU
	EndGlobalSection
	GlobalSection(SolutionProperties) = preSolution
		HideSolutionNode = FALSE
	EndGlobalSection
	GlobalSection(ExtensibilityGlobals) = postSolution
		SolutionGuid = {B0A666C7-BF5B-4F8D-82F2-436FA28091EE}
	EndGlobalSection
EndGlobal
